
Microsoft Visual Studio Solution File, Format Version 12.00
# Visual Studio Version 17
VisualStudioVersion = 17.7.34221.43
MinimumVisualStudioVersion = 10.0.40219.1
Project("{9A19103F-16F7-4668-BE54-9A1E7A4F7556}") = "UserService.Protal", "UserService.Protal\UserService.Protal.csproj", "{5B6D7BE2-A1AD-497B-8245-078D26F7C3A4}"
EndProject
Project("{9A19103F-16F7-4668-BE54-9A1E7A4F7556}") = "UserService.Data", "UserService.Data\UserService.Data.csproj", "{ED1773D1-4829-4581-BCEC-579DA6D6AB44}"
EndProject
Project("{9A19103F-16F7-4668-BE54-9A1E7A4F7556}") = "UserService.Domain", "UserService.Domain\UserService.Domain.csproj", "{ECB61C49-E7DD-4960-B305-F6153F9A0282}"
EndProject
Project("{9A19103F-16F7-4668-BE54-9A1E7A4F7556}") = "UserService.Repository", "UserService.Repository\UserService.Repository.csproj", "{24BAE4C9-3CF6-49F7-B000-CEFF7D7F3813}"
EndProject
Project("{9A19103F-16F7-4668-BE54-9A1E7A4F7556}") = "UserService.Services", "UserService.Services\UserService.Services.csproj", "{79C78AE9-9916-49D8-BE9F-1532992D2353}"
EndProject
Project("{54A90642-561A-4BB1-A94E-469ADEE60C69}") = "UserService.Protal.Web", "UserService.Protal.Web\UserService.Protal.Web.esproj", "{5FB45B8D-431C-49D7-B2D6-8E9CFC762824}"
EndProject
Project("{2150E333-8FDC-42A3-9474-1A3956D46DE8}") = "Behind", "Behind", "{2510EB37-EB7A-4245-B418-948FA720278E}"
EndProject
Project("{2150E333-8FDC-42A3-9474-1A3956D46DE8}") = "Protal", "Protal", "{19B3F436-5D11-4B5F-97F7-29A112297D24}"
EndProject
Global
	GlobalSection(SolutionConfigurationPlatforms) = preSolution
		Debug|Any CPU = Debug|Any CPU
		Release|Any CPU = Release|Any CPU
	EndGlobalSection
	GlobalSection(ProjectConfigurationPlatforms) = postSolution
		{5B6D7BE2-A1AD-497B-8245-078D26F7C3A4}.Debug|Any CPU.ActiveCfg = Debug|Any CPU
		{5B6D7BE2-A1AD-497B-8245-078D26F7C3A4}.Debug|Any CPU.Build.0 = Debug|Any CPU
		{5B6D7BE2-A1AD-497B-8245-078D26F7C3A4}.Release|Any CPU.ActiveCfg = Release|Any CPU
		{5B6D7BE2-A1AD-497B-8245-078D26F7C3A4}.Release|Any CPU.Build.0 = Release|Any CPU
		{ED1773D1-4829-4581-BCEC-579DA6D6AB44}.Debug|Any CPU.ActiveCfg = Debug|Any CPU
		{ED1773D1-4829-4581-BCEC-579DA6D6AB44}.Debug|Any CPU.Build.0 = Debug|Any CPU
		{ED1773D1-4829-4581-BCEC-579DA6D6AB44}.Release|Any CPU.ActiveCfg = Release|Any CPU
		{ED1773D1-4829-4581-BCEC-579DA6D6AB44}.Release|Any CPU.Build.0 = Release|Any CPU
		{ECB61C49-E7DD-4960-B305-F6153F9A0282}.Debug|Any CPU.ActiveCfg = Debug|Any CPU
		{ECB61C49-E7DD-4960-B305-F6153F9A0282}.Debug|Any CPU.Build.0 = Debug|Any CPU
		{ECB61C49-E7DD-4960-B305-F6153F9A0282}.Release|Any CPU.ActiveCfg = Release|Any CPU
		{ECB61C49-E7DD-4960-B305-F6153F9A0282}.Release|Any CPU.Build.0 = Release|Any CPU
		{24BAE4C9-3CF6-49F7-B000-CEFF7D7F3813}.Debug|Any CPU.ActiveCfg = Debug|Any CPU
		{24BAE4C9-3CF6-49F7-B000-CEFF7D7F3813}.Debug|Any CPU.Build.0 = Debug|Any CPU
		{24BAE4C9-3CF6-49F7-B000-CEFF7D7F3813}.Release|Any CPU.ActiveCfg = Release|Any CPU
		{24BAE4C9-3CF6-49F7-B000-CEFF7D7F3813}.Release|Any CPU.Build.0 = Release|Any CPU
		{79C78AE9-9916-49D8-BE9F-1532992D2353}.Debug|Any CPU.ActiveCfg = Debug|Any CPU
		{79C78AE9-9916-49D8-BE9F-1532992D2353}.Debug|Any CPU.Build.0 = Debug|Any CPU
		{79C78AE9-9916-49D8-BE9F-1532992D2353}.Release|Any CPU.ActiveCfg = Release|Any CPU
		{79C78AE9-9916-49D8-BE9F-1532992D2353}.Release|Any CPU.Build.0 = Release|Any CPU
		{5FB45B8D-431C-49D7-B2D6-8E9CFC762824}.Debug|Any CPU.ActiveCfg = Debug|Any CPU
		{5FB45B8D-431C-49D7-B2D6-8E9CFC762824}.Debug|Any CPU.Build.0 = Debug|Any CPU
		{5FB45B8D-431C-49D7-B2D6-8E9CFC762824}.Debug|Any CPU.Deploy.0 = Debug|Any CPU
		{5FB45B8D-431C-49D7-B2D6-8E9CFC762824}.Release|Any CPU.ActiveCfg = Release|Any CPU
		{5FB45B8D-431C-49D7-B2D6-8E9CFC762824}.Release|Any CPU.Build.0 = Release|Any CPU
		{5FB45B8D-431C-49D7-B2D6-8E9CFC762824}.Release|Any CPU.Deploy.0 = Release|Any CPU
	EndGlobalSection
	GlobalSection(SolutionProperties) = preSolution
		HideSolutionNode = FALSE
	EndGlobalSection
	GlobalSection(NestedProjects) = preSolution
		{5B6D7BE2-A1AD-497B-8245-078D26F7C3A4} = {19B3F436-5D11-4B5F-97F7-29A112297D24}
		{ED1773D1-4829-4581-BCEC-579DA6D6AB44} = {2510EB37-EB7A-4245-B418-948FA720278E}
		{ECB61C49-E7DD-4960-B305-F6153F9A0282} = {2510EB37-EB7A-4245-B418-948FA720278E}
		{24BAE4C9-3CF6-49F7-B000-CEFF7D7F3813} = {2510EB37-EB7A-4245-B418-948FA720278E}
		{79C78AE9-9916-49D8-BE9F-1532992D2353} = {2510EB37-EB7A-4245-B418-948FA720278E}
		{5FB45B8D-431C-49D7-B2D6-8E9CFC762824} = {19B3F436-5D11-4B5F-97F7-29A112297D24}
	EndGlobalSection
	GlobalSection(ExtensibilityGlobals) = postSolution
		SolutionGuid = {71B1D76F-8048-4C9F-88CE-A20C189C54D9}
	EndGlobalSection
EndGlobal
